# THIS IS AN AUTOGENERATED FILE. DO NOT EDIT THIS FILE DIRECTLY.
# yarn lockfile v1


"@vercel/build-utils@^2":
  version "2.10.2"
  resolved "https://registry.yarnpkg.com/@vercel/build-utils/-/build-utils-2.10.2.tgz#b70c5f169d1d2aa695bb41ddfe7377c025e35ee5"
  integrity sha512-86ly3nMcX1h+eUOloDgqwjaeIREdk1agn4voRCb189J55vzFbz/6ZOjkAKtZ+GSbkEM+bcJera2SvSBzGGIqUA==

object-hash@^2:
  version "2.1.1"
  resolved "https://registry.yarnpkg.com/object-hash/-/object-hash-2.1.1.tgz#9447d0279b4fcf80cff3259bf66a1dc73afabe09"
  integrity sha512-VOJmgmS+7wvXf8CjbQmimtCnEx3IAoLxI3fp2fbWehxrWBcAQFbk+vcwb6vzR0VZv/eNCJ/27j151ZTwqW/JeQ==
